
Microsoft Visual Studio Solution File, Format Version 12.00
# Visual Studio Version 16
VisualStudioVersion = 16.0.33214.272
MinimumVisualStudioVersion = 10.0.40219.1
Project("{FAE04EC0-301F-11D3-BF4B-00C04F79EFBC}") = "BSLWeb", "BSLWeb.csproj", "{7AD0259C-5AD8-440A-A0F0-B51C391A394B}"
EndProject
Project("{FAE04EC0-301F-11D3-BF4B-00C04F79EFBC}") = "BSLWebApi", "..\BSLWebApi\BSLWebApi.csproj", "{11E38762-CBE4-403E-8CF8-1619F5D4340A}"
EndProject
Global
	GlobalSection(SolutionConfigurationPlatforms) = preSolution
		Debug|Any CPU = Debug|Any CPU
		Release|Any CPU = Release|Any CPU
	EndGlobalSection
	GlobalSection(ProjectConfigurationPlatforms) = postSolution
		{7AD0259C-5AD8-440A-A0F0-B51C391A394B}.Debug|Any CPU.ActiveCfg = Debug|Any CPU
		{7AD0259C-5AD8-440A-A0F0-B51C391A394B}.Debug|Any CPU.Build.0 = Debug|Any CPU
		{7AD0259C-5AD8-440A-A0F0-B51C391A394B}.Release|Any CPU.ActiveCfg = Release|Any CPU
		{7AD0259C-5AD8-440A-A0F0-B51C391A394B}.Release|Any CPU.Build.0 = Release|Any CPU
		{11E38762-CBE4-403E-8CF8-1619F5D4340A}.Debug|Any CPU.ActiveCfg = Debug|Any CPU
		{11E38762-CBE4-403E-8CF8-1619F5D4340A}.Debug|Any CPU.Build.0 = Debug|Any CPU
		{11E38762-CBE4-403E-8CF8-1619F5D4340A}.Release|Any CPU.ActiveCfg = Release|Any CPU
		{11E38762-CBE4-403E-8CF8-1619F5D4340A}.Release|Any CPU.Build.0 = Release|Any CPU
	EndGlobalSection
	GlobalSection(SolutionProperties) = preSolution
		HideSolutionNode = FALSE
	EndGlobalSection
	GlobalSection(ExtensibilityGlobals) = postSolution
		SolutionGuid = {3AD6D03C-2FEE-454C-8A6D-02761E040F5B}
	EndGlobalSection
EndGlobal
