
Microsoft Visual Studio Solution File, Format Version 12.00
# Visual Studio Version 16
VisualStudioVersion = 16.0.33214.272
MinimumVisualStudioVersion = 10.0.40219.1
Project("{FAE04EC0-301F-11D3-BF4B-00C04F79EFBC}") = "BSLHR", "BSLHR.csproj", "{06335DFC-9762-4D4E-A67F-2187B8CB3237}"
EndProject
Global
	GlobalSection(SolutionConfigurationPlatforms) = preSolution
		Debug|Any CPU = Debug|Any CPU
		Release|Any CPU = Release|Any CPU
	EndGlobalSection
	GlobalSection(ProjectConfigurationPlatforms) = postSolution
		{06335DFC-9762-4D4E-A67F-2187B8CB3237}.Debug|Any CPU.ActiveCfg = Debug|Any CPU
		{06335DFC-9762-4D4E-A67F-2187B8CB3237}.Debug|Any CPU.Build.0 = Debug|Any CPU
		{06335DFC-9762-4D4E-A67F-2187B8CB3237}.Release|Any CPU.ActiveCfg = Release|Any CPU
		{06335DFC-9762-4D4E-A67F-2187B8CB3237}.Release|Any CPU.Build.0 = Release|Any CPU
	EndGlobalSection
	GlobalSection(SolutionProperties) = preSolution
		HideSolutionNode = FALSE
	EndGlobalSection
	GlobalSection(ExtensibilityGlobals) = postSolution
		SolutionGuid = {5A3B6275-00E3-447B-AD1B-C2DEFE0E7787}
	EndGlobalSection
EndGlobal
